
Microsoft Visual Studio Solution File, Format Version 12.00
# Visual Studio Version 17
VisualStudioVersion = 17.0.31903.59
MinimumVisualStudioVersion = 10.0.40219.1
Project("{2150E333-8FDC-42A3-9474-1A3956D46DE8}") = "src", "src", "{827E0CD3-B72D-47B6-A68D-7590B98EB39B}"
EndProject
Project("{FAE04EC0-301F-11D3-BF4B-00C04F79EFBC}") = "TaskManager.Domain", "src\TaskManager.Domain\TaskManager.Domain.csproj", "{F9DD8F6B-65E0-43F2-9BF0-19CBEB904DC2}"
EndProject
Project("{FAE04EC0-301F-11D3-BF4B-00C04F79EFBC}") = "TaskManager.Application", "src\TaskManager.Application\TaskManager.Application.csproj", "{440AEC4C-C1AD-48C8-B05B-7CDBBC5E9813}"
EndProject
Project("{FAE04EC0-301F-11D3-BF4B-00C04F79EFBC}") = "TaskManager.Infrastructure", "src\TaskManager.Infrastructure\TaskManager.Infrastructure.csproj", "{BEDD86CF-A38E-40F7-AB50-5701A9F447FB}"
EndProject
Project("{FAE04EC0-301F-11D3-BF4B-00C04F79EFBC}") = "TaskManager.Api", "src\TaskManager.Api\TaskManager.Api.csproj", "{191BFB17-E45B-47B5-A49F-2D380E26EDCC}"
EndProject
Project("{2150E333-8FDC-42A3-9474-1A3956D46DE8}") = "tests", "tests", "{0AB3BF05-4346-4AA6-1389-037BE0695223}"
EndProject
Project("{FAE04EC0-301F-11D3-BF4B-00C04F79EFBC}") = "TaskManager.Domain.Tests", "tests\TaskManager.Domain.Tests\TaskManager.Domain.Tests.csproj", "{CD631668-45D2-41A6-AE86-BA6AF9D97A01}"
EndProject
Project("{FAE04EC0-301F-11D3-BF4B-00C04F79EFBC}") = "TaskManager.Application.Tests", "tests\TaskManager.Application.Tests\TaskManager.Application.Tests.csproj", "{DB04741C-529D-4C98-A8F5-BAF28EC3C3A8}"
EndProject
Project("{FAE04EC0-301F-11D3-BF4B-00C04F79EFBC}") = "TaskManager.Api.Tests", "tests\TaskManager.Api.Tests\TaskManager.Api.Tests.csproj", "{A1BCD33E-0217-4668-87F5-10C096E9EB6E}"
EndProject
Project("{FAE04EC0-301F-11D3-BF4B-00C04F79EFBC}") = "TaskManager.Infrastructure.Tests", "tests\TaskManager.Infrastructure.Tests\TaskManager.Infrastructure.Tests.csproj", "{CF13CC07-E0A4-4D3E-88C1-34626DFCB90D}"
EndProject
Global
	GlobalSection(SolutionConfigurationPlatforms) = preSolution
		Debug|Any CPU = Debug|Any CPU
		Debug|x64 = Debug|x64
		Debug|x86 = Debug|x86
		Release|Any CPU = Release|Any CPU
		Release|x64 = Release|x64
		Release|x86 = Release|x86
	EndGlobalSection
	GlobalSection(ProjectConfigurationPlatforms) = postSolution
		{F9DD8F6B-65E0-43F2-9BF0-19CBEB904DC2}.Debug|Any CPU.ActiveCfg = Debug|Any CPU
		{F9DD8F6B-65E0-43F2-9BF0-19CBEB904DC2}.Debug|Any CPU.Build.0 = Debug|Any CPU
		{F9DD8F6B-65E0-43F2-9BF0-19CBEB904DC2}.Debug|x64.ActiveCfg = Debug|Any CPU
		{F9DD8F6B-65E0-43F2-9BF0-19CBEB904DC2}.Debug|x64.Build.0 = Debug|Any CPU
		{F9DD8F6B-65E0-43F2-9BF0-19CBEB904DC2}.Debug|x86.ActiveCfg = Debug|Any CPU
		{F9DD8F6B-65E0-43F2-9BF0-19CBEB904DC2}.Debug|x86.Build.0 = Debug|Any CPU
		{F9DD8F6B-65E0-43F2-9BF0-19CBEB904DC2}.Release|Any CPU.ActiveCfg = Release|Any CPU
		{F9DD8F6B-65E0-43F2-9BF0-19CBEB904DC2}.Release|Any CPU.Build.0 = Release|Any CPU
		{F9DD8F6B-65E0-43F2-9BF0-19CBEB904DC2}.Release|x64.ActiveCfg = Release|Any CPU
		{F9DD8F6B-65E0-43F2-9BF0-19CBEB904DC2}.Release|x64.Build.0 = Release|Any CPU
		{F9DD8F6B-65E0-43F2-9BF0-19CBEB904DC2}.Release|x86.ActiveCfg = Release|Any CPU
		{F9DD8F6B-65E0-43F2-9BF0-19CBEB904DC2}.Release|x86.Build.0 = Release|Any CPU
		{440AEC4C-C1AD-48C8-B05B-7CDBBC5E9813}.Debug|Any CPU.ActiveCfg = Debug|Any CPU
		{440AEC4C-C1AD-48C8-B05B-7CDBBC5E9813}.Debug|Any CPU.Build.0 = Debug|Any CPU
		{440AEC4C-C1AD-48C8-B05B-7CDBBC5E9813}.Debug|x64.ActiveCfg = Debug|Any CPU
		{440AEC4C-C1AD-48C8-B05B-7CDBBC5E9813}.Debug|x64.Build.0 = Debug|Any CPU
		{440AEC4C-C1AD-48C8-B05B-7CDBBC5E9813}.Debug|x86.ActiveCfg = Debug|Any CPU
		{440AEC4C-C1AD-48C8-B05B-7CDBBC5E9813}.Debug|x86.Build.0 = Debug|Any CPU
		{440AEC4C-C1AD-48C8-B05B-7CDBBC5E9813}.Release|Any CPU.ActiveCfg = Release|Any CPU
		{440AEC4C-C1AD-48C8-B05B-7CDBBC5E9813}.Release|Any CPU.Build.0 = Release|Any CPU
		{440AEC4C-C1AD-48C8-B05B-7CDBBC5E9813}.Release|x64.ActiveCfg = Release|Any CPU
		{440AEC4C-C1AD-48C8-B05B-7CDBBC5E9813}.Release|x64.Build.0 = Release|Any CPU
		{440AEC4C-C1AD-48C8-B05B-7CDBBC5E9813}.Release|x86.ActiveCfg = Release|Any CPU
		{440AEC4C-C1AD-48C8-B05B-7CDBBC5E9813}.Release|x86.Build.0 = Release|Any CPU
		{BEDD86CF-A38E-40F7-AB50-5701A9F447FB}.Debug|Any CPU.ActiveCfg = Debug|Any CPU
		{BEDD86CF-A38E-40F7-AB50-5701A9F447FB}.Debug|Any CPU.Build.0 = Debug|Any CPU
		{BEDD86CF-A38E-40F7-AB50-5701A9F447FB}.Debug|x64.ActiveCfg = Debug|Any CPU
		{BEDD86CF-A38E-40F7-AB50-5701A9F447FB}.Debug|x64.Build.0 = Debug|Any CPU
		{BEDD86CF-A38E-40F7-AB50-5701A9F447FB}.Debug|x86.ActiveCfg = Debug|Any CPU
		{BEDD86CF-A38E-40F7-AB50-5701A9F447FB}.Debug|x86.Build.0 = Debug|Any CPU
		{BEDD86CF-A38E-40F7-AB50-5701A9F447FB}.Release|Any CPU.ActiveCfg = Release|Any CPU
		{BEDD86CF-A38E-40F7-AB50-5701A9F447FB}.Release|Any CPU.Build.0 = Release|Any CPU
		{BEDD86CF-A38E-40F7-AB50-5701A9F447FB}.Release|x64.ActiveCfg = Release|Any CPU
		{BEDD86CF-A38E-40F7-AB50-5701A9F447FB}.Release|x64.Build.0 = Release|Any CPU
		{BEDD86CF-A38E-40F7-AB50-5701A9F447FB}.Release|x86.ActiveCfg = Release|Any CPU
		{BEDD86CF-A38E-40F7-AB50-5701A9F447FB}.Release|x86.Build.0 = Release|Any CPU
		{191BFB17-E45B-47B5-A49F-2D380E26EDCC}.Debug|Any CPU.ActiveCfg = Debug|Any CPU
		{191BFB17-E45B-47B5-A49F-2D380E26EDCC}.Debug|Any CPU.Build.0 = Debug|Any CPU
		{191BFB17-E45B-47B5-A49F-2D380E26EDCC}.Debug|x64.ActiveCfg = Debug|Any CPU
		{191BFB17-E45B-47B5-A49F-2D380E26EDCC}.Debug|x64.Build.0 = Debug|Any CPU
		{191BFB17-E45B-47B5-A49F-2D380E26EDCC}.Debug|x86.ActiveCfg = Debug|Any CPU
		{191BFB17-E45B-47B5-A49F-2D380E26EDCC}.Debug|x86.Build.0 = Debug|Any CPU
		{191BFB17-E45B-47B5-A49F-2D380E26EDCC}.Release|Any CPU.ActiveCfg = Release|Any CPU
		{191BFB17-E45B-47B5-A49F-2D380E26EDCC}.Release|Any CPU.Build.0 = Release|Any CPU
		{191BFB17-E45B-47B5-A49F-2D380E26EDCC}.Release|x64.ActiveCfg = Release|Any CPU
		{191BFB17-E45B-47B5-A49F-2D380E26EDCC}.Release|x64.Build.0 = Release|Any CPU
		{191BFB17-E45B-47B5-A49F-2D380E26EDCC}.Release|x86.ActiveCfg = Release|Any CPU
		{191BFB17-E45B-47B5-A49F-2D380E26EDCC}.Release|x86.Build.0 = Release|Any CPU
		{CD631668-45D2-41A6-AE86-BA6AF9D97A01}.Debug|Any CPU.ActiveCfg = Debug|Any CPU
		{CD631668-45D2-41A6-AE86-BA6AF9D97A01}.Debug|Any CPU.Build.0 = Debug|Any CPU
		{CD631668-45D2-41A6-AE86-BA6AF9D97A01}.Debug|x64.ActiveCfg = Debug|Any CPU
		{CD631668-45D2-41A6-AE86-BA6AF9D97A01}.Debug|x64.Build.0 = Debug|Any CPU
		{CD631668-45D2-41A6-AE86-BA6AF9D97A01}.Debug|x86.ActiveCfg = Debug|Any CPU
		{CD631668-45D2-41A6-AE86-BA6AF9D97A01}.Debug|x86.Build.0 = Debug|Any CPU
		{CD631668-45D2-41A6-AE86-BA6AF9D97A01}.Release|Any CPU.ActiveCfg = Release|Any CPU
		{CD631668-45D2-41A6-AE86-BA6AF9D97A01}.Release|Any CPU.Build.0 = Release|Any CPU
		{CD631668-45D2-41A6-AE86-BA6AF9D97A01}.Release|x64.ActiveCfg = Release|Any CPU
		{CD631668-45D2-41A6-AE86-BA6AF9D97A01}.Release|x64.Build.0 = Release|Any CPU
		{CD631668-45D2-41A6-AE86-BA6AF9D97A01}.Release|x86.ActiveCfg = Release|Any CPU
		{CD631668-45D2-41A6-AE86-BA6AF9D97A01}.Release|x86.Build.0 = Release|Any CPU
		{DB04741C-529D-4C98-A8F5-BAF28EC3C3A8}.Debug|Any CPU.ActiveCfg = Debug|Any CPU
		{DB04741C-529D-4C98-A8F5-BAF28EC3C3A8}.Debug|Any CPU.Build.0 = Debug|Any CPU
		{DB04741C-529D-4C98-A8F5-BAF28EC3C3A8}.Debug|x64.ActiveCfg = Debug|Any CPU
		{DB04741C-529D-4C98-A8F5-BAF28EC3C3A8}.Debug|x64.Build.0 = Debug|Any CPU
		{DB04741C-529D-4C98-A8F5-BAF28EC3C3A8}.Debug|x86.ActiveCfg = Debug|Any CPU
		{DB04741C-529D-4C98-A8F5-BAF28EC3C3A8}.Debug|x86.Build.0 = Debug|Any CPU
		{DB04741C-529D-4C98-A8F5-BAF28EC3C3A8}.Release|Any CPU.ActiveCfg = Release|Any CPU
		{DB04741C-529D-4C98-A8F5-BAF28EC3C3A8}.Release|Any CPU.Build.0 = Release|Any CPU
		{DB04741C-529D-4C98-A8F5-BAF28EC3C3A8}.Release|x64.ActiveCfg = Release|Any CPU
		{DB04741C-529D-4C98-A8F5-BAF28EC3C3A8}.Release|x64.Build.0 = Release|Any CPU
		{DB04741C-529D-4C98-A8F5-BAF28EC3C3A8}.Release|x86.ActiveCfg = Release|Any CPU
		{DB04741C-529D-4C98-A8F5-BAF28EC3C3A8}.Release|x86.Build.0 = Release|Any CPU
		{A1BCD33E-0217-4668-87F5-10C096E9EB6E}.Debug|Any CPU.ActiveCfg = Debug|Any CPU
		{A1BCD33E-0217-4668-87F5-10C096E9EB6E}.Debug|Any CPU.Build.0 = Debug|Any CPU
		{A1BCD33E-0217-4668-87F5-10C096E9EB6E}.Debug|x64.ActiveCfg = Debug|Any CPU
		{A1BCD33E-0217-4668-87F5-10C096E9EB6E}.Debug|x64.Build.0 = Debug|Any CPU
		{A1BCD33E-0217-4668-87F5-10C096E9EB6E}.Debug|x86.ActiveCfg = Debug|Any CPU
		{A1BCD33E-0217-4668-87F5-10C096E9EB6E}.Debug|x86.Build.0 = Debug|Any CPU
		{A1BCD33E-0217-4668-87F5-10C096E9EB6E}.Release|Any CPU.ActiveCfg = Release|Any CPU
		{A1BCD33E-0217-4668-87F5-10C096E9EB6E}.Release|Any CPU.Build.0 = Release|Any CPU
		{A1BCD33E-0217-4668-87F5-10C096E9EB6E}.Release|x64.ActiveCfg = Release|Any CPU
		{A1BCD33E-0217-4668-87F5-10C096E9EB6E}.Release|x64.Build.0 = Release|Any CPU
		{A1BCD33E-0217-4668-87F5-10C096E9EB6E}.Release|x86.ActiveCfg = Release|Any CPU
		{A1BCD33E-0217-4668-87F5-10C096E9EB6E}.Release|x86.Build.0 = Release|Any CPU
		{CF13CC07-E0A4-4D3E-88C1-34626DFCB90D}.Debug|Any CPU.ActiveCfg = Debug|Any CPU
		{CF13CC07-E0A4-4D3E-88C1-34626DFCB90D}.Debug|Any CPU.Build.0 = Debug|Any CPU
		{CF13CC07-E0A4-4D3E-88C1-34626DFCB90D}.Debug|x64.ActiveCfg = Debug|Any CPU
		{CF13CC07-E0A4-4D3E-88C1-34626DFCB90D}.Debug|x64.Build.0 = Debug|Any CPU
		{CF13CC07-E0A4-4D3E-88C1-34626DFCB90D}.Debug|x86.ActiveCfg = Debug|Any CPU
		{CF13CC07-E0A4-4D3E-88C1-34626DFCB90D}.Debug|x86.Build.0 = Debug|Any CPU
		{CF13CC07-E0A4-4D3E-88C1-34626DFCB90D}.Release|Any CPU.ActiveCfg = Release|Any CPU
		{CF13CC07-E0A4-4D3E-88C1-34626DFCB90D}.Release|Any CPU.Build.0 = Release|Any CPU
		{CF13CC07-E0A4-4D3E-88C1-34626DFCB90D}.Release|x64.ActiveCfg = Release|Any CPU
		{CF13CC07-E0A4-4D3E-88C1-34626DFCB90D}.Release|x64.Build.0 = Release|Any CPU
		{CF13CC07-E0A4-4D3E-88C1-34626DFCB90D}.Release|x86.ActiveCfg = Release|Any CPU
		{CF13CC07-E0A4-4D3E-88C1-34626DFCB90D}.Release|x86.Build.0 = Release|Any CPU
	EndGlobalSection
	GlobalSection(SolutionProperties) = preSolution
		HideSolutionNode = FALSE
	EndGlobalSection
	GlobalSection(NestedProjects) = preSolution
		{F9DD8F6B-65E0-43F2-9BF0-19CBEB904DC2} = {827E0CD3-B72D-47B6-A68D-7590B98EB39B}
		{440AEC4C-C1AD-48C8-B05B-7CDBBC5E9813} = {827E0CD3-B72D-47B6-A68D-7590B98EB39B}
		{BEDD86CF-A38E-40F7-AB50-5701A9F447FB} = {827E0CD3-B72D-47B6-A68D-7590B98EB39B}
		{191BFB17-E45B-47B5-A49F-2D380E26EDCC} = {827E0CD3-B72D-47B6-A68D-7590B98EB39B}
		{CD631668-45D2-41A6-AE86-BA6AF9D97A01} = {0AB3BF05-4346-4AA6-1389-037BE0695223}
		{DB04741C-529D-4C98-A8F5-BAF28EC3C3A8} = {0AB3BF05-4346-4AA6-1389-037BE0695223}
		{A1BCD33E-0217-4668-87F5-10C096E9EB6E} = {0AB3BF05-4346-4AA6-1389-037BE0695223}
		{CF13CC07-E0A4-4D3E-88C1-34626DFCB90D} = {0AB3BF05-4346-4AA6-1389-037BE0695223}
	EndGlobalSection
EndGlobal
